{
  "name": "integration",
  "version": "1.0.0",
  "lockfileVersion": 1,
  "requires": true,
  "dependencies": {
    "easy-log": {
      "version": "file:easy-log-v1.0.0.tgz",
      "integrity": "sha512-Z0dsmV/pwMQmdyqKksC7PU9/JFUQjD1ji7Q4BhrVmgflI3vF2zmIVMmz3nYoLXBRnYPeXvd8z1A+BMIWVHTUaw=="
    }
  }
}
